{
  "version": 4,
  "terraform_version": "1.14.0",
  "serial": 82,
  "lineage": "99537f2c-482b-196a-6e1b-1eb897d0408d",
  "outputs": {
    "compliance_dashboard_info": {
      "value": "Visit AWS Config Console in us-east-1 to view compliance status",
      "type": "string"
    },
    "config_bucket_arn": {
      "value": "arn:aws:s3:::terraform-governance-demo-config-bucket-whjzms",
      "type": "string"
    },
    "config_bucket_name": {
      "value": "terraform-governance-demo-config-bucket-whjzms",
      "type": "string"
    },
    "config_recorder_name": {
      "value": "terraform-governance-demo-recorder",
      "type": "string"
    },
    "config_recorder_status": {
      "value": true,
      "type": "bool"
    },
    "config_rules": {
      "value": [
        "s3-bucket-public-write-prohibited",
        "s3-bucket-server-side-encryption-enabled",
        "s3-bucket-public-read-prohibited",
        "encrypted-volumes",
        "required-tags",
        "root-account-mfa-enabled"
      ],
      "type": [
        "tuple",
        [
          "string",
          "string",
          "string",
          "string",
          "string",
          "string"
        ]
      ]
    },
    "demo_user_arn": {
      "value": "arn:aws:iam::326864272150:user/governance/terraform-governance-demo-demo-user",
      "type": "string"
    },
    "demo_user_name": {
      "value": "terraform-governance-demo-demo-user",
      "type": "string"
    },
    "mfa_delete_policy_arn": {
      "value": "arn:aws:iam::326864272150:policy/terraform-governance-demo-mfa-delete-policy",
      "type": "string"
    },
    "require_tags_policy_arn": {
      "value": "arn:aws:iam::326864272150:policy/terraform-governance-demo-require-tags",
      "type": "string"
    },
    "s3_encryption_transit_policy_arn": {
      "value": "arn:aws:iam::326864272150:policy/terraform-governance-demo-s3-encryption-transit",
      "type": "string"
    }
  },
  "resources": [
    {
      "mode": "managed",
      "type": "aws_config_config_rule",
      "name": "ebs_encryption",
      "provider": "provider[\"registry.terraform.io/hashicorp/aws\"]",
      "instances": [
        {
          "schema_version": 0,
          "attributes": {
            "arn": "arn:aws:config:us-east-1:326864272150:config-rule/config-rule-vtwszj",
            "description": "",
            "evaluation_mode": [
              {
                "mode": "DETECTIVE"
              }
            ],
            "id": "encrypted-volumes",
            "input_parameters": "",
            "maximum_execution_frequency": "",
            "name": "encrypted-volumes",
            "rule_id": "config-rule-vtwszj",
            "scope": [],
            "source": [
              {
                "custom_policy_details": [],
                "owner": "AWS",
                "source_detail": [],
                "source_identifier": "ENCRYPTED_VOLUMES"
              }
            ],
            "tags": null,
            "tags_all": {}
          },
          "sensitive_attributes": [],
          "identity_schema_version": 0,
          "private": "bnVsbA==",
          "dependencies": [
            "aws_config_configuration_recorder.main",
            "aws_iam_role.config_role",
            "aws_iam_user_policy.config_inline_policy"
          ]
        }
      ]
    },
    {
      "mode": "managed",
      "type": "aws_config_config_rule",
      "name": "required_tags",
      "provider": "provider[\"registry.terraform.io/hashicorp/aws\"]",
      "instances": [
        {
          "schema_version": 0,
          "attributes": {
            "arn": "arn:aws:config:us-east-1:326864272150:config-rule/config-rule-bwadd0",
            "description": "",
            "evaluation_mode": [
              {
                "mode": "DETECTIVE"
              }
            ],
            "id": "required-tags",
            "input_parameters": "{\"tag1Key\":\"Environment\",\"tag2Key\":\"Owner\"}",
            "maximum_execution_frequency": "",
            "name": "required-tags",
            "rule_id": "config-rule-bwadd0",
            "scope": [
              {
                "compliance_resource_id": "",
                "compliance_resource_types": [
                  "AWS::EC2::Instance",
                  "AWS::S3::Bucket"
                ],
                "tag_key": "",
                "tag_value": ""
              }
            ],
            "source": [
              {
                "custom_policy_details": [],
                "owner": "AWS",
                "source_detail": [],
                "source_identifier": "REQUIRED_TAGS"
              }
            ],
            "tags": null,
            "tags_all": {}
          },
          "sensitive_attributes": [],
          "identity_schema_version": 0,
          "private": "bnVsbA==",
          "dependencies": [
            "aws_config_configuration_recorder.main",
            "aws_iam_role.config_role",
            "aws_iam_user_policy.config_inline_policy"
          ]
        }
      ]
    },
    {
      "mode": "managed",
      "type": "aws_config_config_rule",
      "name": "s3_encryption",
      "provider": "provider[\"registry.terraform.io/hashicorp/aws\"]",
      "instances": [
        {
          "schema_version": 0,
          "attributes": {
            "arn": "arn:aws:config:us-east-1:326864272150:config-rule/config-rule-i3s4hc",
            "description": "",
            "evaluation_mode": [
              {
                "mode": "DETECTIVE"
              }
            ],
            "id": "s3-bucket-server-side-encryption-enabled",
            "input_parameters": "",
            "maximum_execution_frequency": "",
            "name": "s3-bucket-server-side-encryption-enabled",
            "rule_id": "config-rule-i3s4hc",
            "scope": [],
            "source": [
              {
                "custom_policy_details": [],
                "owner": "AWS",
                "source_detail": [],
                "source_identifier": "S3_BUCKET_SERVER_SIDE_ENCRYPTION_ENABLED"
              }
            ],
            "tags": null,
            "tags_all": {}
          },
          "sensitive_attributes": [],
          "identity_schema_version": 0,
          "private": "bnVsbA==",
          "dependencies": [
            "aws_config_configuration_recorder.main",
            "aws_iam_role.config_role",
            "aws_iam_user_policy.config_inline_policy"
          ]
        }
      ]
    },
    {
      "mode": "managed",
      "type": "aws_config_config_rule",
      "name": "s3_public_read_prohibited",
      "provider": "provider[\"registry.terraform.io/hashicorp/aws\"]",
      "instances": [
        {
          "schema_version": 0,
          "attributes": {
            "arn": "arn:aws:config:us-east-1:326864272150:config-rule/config-rule-qex53e",
            "description": "",
            "evaluation_mode": [
              {
                "mode": "DETECTIVE"
              }
            ],
            "id": "s3-bucket-public-read-prohibited",
            "input_parameters": "",
            "maximum_execution_frequency": "",
            "name": "s3-bucket-public-read-prohibited",
            "rule_id": "config-rule-qex53e",
            "scope": [],
            "source": [
              {
                "custom_policy_details": [],
                "owner": "AWS",
                "source_detail": [],
                "source_identifier": "S3_BUCKET_PUBLIC_READ_PROHIBITED"
              }
            ],
            "tags": null,
            "tags_all": {}
          },
          "sensitive_attributes": [],
          "identity_schema_version": 0,
          "private": "bnVsbA==",
          "dependencies": [
            "aws_config_configuration_recorder.main",
            "aws_iam_role.config_role",
            "aws_iam_user_policy.config_inline_policy"
          ]
        }
      ]
    },
    {
      "mode": "managed",
      "type": "aws_config_config_rule",
      "name": "s3_public_write_prohibited",
      "provider": "provider[\"registry.terraform.io/hashicorp/aws\"]",
      "instances": [
        {
          "schema_version": 0,
          "attributes": {
            "arn": "arn:aws:config:us-east-1:326864272150:config-rule/config-rule-2mercp",
            "description": "",
            "evaluation_mode": [
              {
                "mode": "DETECTIVE"
              }
            ],
            "id": "s3-bucket-public-write-prohibited",
            "input_parameters": "",
            "maximum_execution_frequency": "",
            "name": "s3-bucket-public-write-prohibited",
            "rule_id": "config-rule-2mercp",
            "scope": [],
            "source": [
              {
                "custom_policy_details": [],
                "owner": "AWS",
                "source_detail": [],
                "source_identifier": "S3_BUCKET_PUBLIC_WRITE_PROHIBITED"
              }
            ],
            "tags": null,
            "tags_all": {}
          },
          "sensitive_attributes": [],
          "identity_schema_version": 0,
          "private": "bnVsbA==",
          "dependencies": [
            "aws_config_configuration_recorder.main",
            "aws_iam_role.config_role",
            "aws_iam_user_policy.config_inline_policy"
          ]
        }
      ]
    },
    {
      "mode": "managed",
      "type": "aws_config_configuration_recorder",
      "name": "main",
      "provider": "provider[\"registry.terraform.io/hashicorp/aws\"]",
      "instances": [
        {
          "schema_version": 0,
          "attributes": {
            "id": "terraform-governance-demo-recorder",
            "name": "terraform-governance-demo-recorder",
            "recording_group": [
              {
                "all_supported": true,
                "exclusion_by_resource_types": [
                  {
                    "resource_types": []
                  }
                ],
                "include_global_resource_types": true,
                "recording_strategy": [
                  {
                    "use_only": "ALL_SUPPORTED_RESOURCE_TYPES"
                  }
                ],
                "resource_types": []
              }
            ],
            "recording_mode": [
              {
                "recording_frequency": "CONTINUOUS",
                "recording_mode_override": []
              }
            ],
            "role_arn": "arn:aws:iam::326864272150:role/terraform-governance-demo-config-role"
          },
          "sensitive_attributes": [],
          "identity_schema_version": 0,
          "private": "bnVsbA==",
          "dependencies": [
            "aws_iam_role.config_role",
            "aws_iam_user_policy.config_inline_policy"
          ]
        }
      ]
    },
    {
      "mode": "managed",
      "type": "aws_config_configuration_recorder_status",
      "name": "main",
      "provider": "provider[\"registry.terraform.io/hashicorp/aws\"]",
      "instances": [
        {
          "schema_version": 0,
          "attributes": {
            "id": "terraform-governance-demo-recorder",
            "is_enabled": true,
            "name": "terraform-governance-demo-recorder"
          },
          "sensitive_attributes": [],
          "identity_schema_version": 0,
          "private": "bnVsbA==",
          "dependencies": [
            "aws_config_configuration_recorder.main",
            "aws_config_delivery_channel.main",
            "aws_iam_role.config_role",
            "aws_iam_user_policy.config_inline_policy",
            "aws_s3_bucket.config_bucket",
            "random_string.suffix"
          ]
        }
      ]
    },
    {
      "mode": "managed",
      "type": "aws_config_delivery_channel",
      "name": "main",
      "provider": "provider[\"registry.terraform.io/hashicorp/aws\"]",
      "instances": [
        {
          "schema_version": 0,
          "attributes": {
            "id": "terraform-governance-demo-delivery-channel",
            "name": "terraform-governance-demo-delivery-channel",
            "s3_bucket_name": "terraform-governance-demo-config-bucket-whjzms",
            "s3_key_prefix": "",
            "s3_kms_key_arn": "",
            "snapshot_delivery_properties": [],
            "sns_topic_arn": ""
          },
          "sensitive_attributes": [],
          "identity_schema_version": 0,
          "private": "bnVsbA==",
          "dependencies": [
            "aws_config_configuration_recorder.main",
            "aws_iam_role.config_role",
            "aws_iam_user_policy.config_inline_policy",
            "aws_s3_bucket.config_bucket",
            "random_string.suffix"
          ]
        }
      ]
    },
    {
      "mode": "managed",
      "type": "aws_iam_policy",
      "name": "enforce_s3_encryption_transit",
      "provider": "provider[\"registry.terraform.io/hashicorp/aws\"]",
      "instances": [
        {
          "schema_version": 0,
          "attributes": {
            "arn": "arn:aws:iam::326864272150:policy/terraform-governance-demo-s3-encryption-transit",
            "attachment_count": 0,
            "description": "Deny S3 actions without encryption in transit",
            "id": "arn:aws:iam::326864272150:policy/terraform-governance-demo-s3-encryption-transit",
            "name": "terraform-governance-demo-s3-encryption-transit",
            "name_prefix": "",
            "path": "/",
            "policy": "{\"Statement\":[{\"Action\":\"s3:PutObject\",\"Condition\":{\"Bool\":{\"aws:SecureTransport\":\"false\"}},\"Effect\":\"Deny\",\"Resource\":\"*\",\"Sid\":\"DenyUnencryptedObjectUploads\"}],\"Version\":\"2012-10-17\"}",
            "policy_id": "ANPAUYGVA7MLNQRNBZKKB",
            "tags": {},
            "tags_all": {}
          },
          "sensitive_attributes": [],
          "identity_schema_version": 0,
          "private": "bnVsbA=="
        }
      ]
    },
    {
      "mode": "managed",
      "type": "aws_iam_policy",
      "name": "mfa_delete_policy",
      "provider": "provider[\"registry.terraform.io/hashicorp/aws\"]",
      "instances": [
        {
          "schema_version": 0,
          "attributes": {
            "arn": "arn:aws:iam::326864272150:policy/terraform-governance-demo-mfa-delete-policy",
            "attachment_count": 1,
            "description": "Policy that requires MFA to delete S3 objects",
            "id": "arn:aws:iam::326864272150:policy/terraform-governance-demo-mfa-delete-policy",
            "name": "terraform-governance-demo-mfa-delete-policy",
            "name_prefix": "",
            "path": "/",
            "policy": "{\"Statement\":[{\"Action\":\"s3:DeleteObject\",\"Condition\":{\"BoolIfExists\":{\"aws:MultiFactorAuthPresent\":\"false\"}},\"Effect\":\"Deny\",\"Resource\":\"*\",\"Sid\":\"DenyDeleteWithoutMFA\"}],\"Version\":\"2012-10-17\"}",
            "policy_id": "ANPAUYGVA7MLHKQS5E3PO",
            "tags": {},
            "tags_all": {}
          },
          "sensitive_attributes": [],
          "identity_schema_version": 0,
          "private": "bnVsbA=="
        }
      ]
    },
    {
      "mode": "managed",
      "type": "aws_iam_policy",
      "name": "require_tags_policy",
      "provider": "provider[\"registry.terraform.io/hashicorp/aws\"]",
      "instances": [
        {
          "schema_version": 0,
          "attributes": {
            "arn": "arn:aws:iam::326864272150:policy/terraform-governance-demo-require-tags",
            "attachment_count": 0,
            "description": "Require specific tags when creating resources",
            "id": "arn:aws:iam::326864272150:policy/terraform-governance-demo-require-tags",
            "name": "terraform-governance-demo-require-tags",
            "name_prefix": "",
            "path": "/",
            "policy": "{\"Statement\":[{\"Action\":[\"ec2:RunInstances\"],\"Condition\":{\"StringNotLike\":{\"aws:RequestTag/Environment\":[\"dev\",\"staging\",\"prod\"]}},\"Effect\":\"Deny\",\"Resource\":\"arn:aws:ec2:*:*:instance/*\",\"Sid\":\"RequireTagsOnEC2\"},{\"Action\":[\"ec2:RunInstances\"],\"Condition\":{\"Null\":{\"aws:RequestTag/Owner\":\"true\"}},\"Effect\":\"Deny\",\"Resource\":\"arn:aws:ec2:*:*:instance/*\",\"Sid\":\"RequireOwnerTag\"}],\"Version\":\"2012-10-17\"}",
            "policy_id": "ANPAUYGVA7MLIY7UAQKAH",
            "tags": {},
            "tags_all": {}
          },
          "sensitive_attributes": [],
          "identity_schema_version": 0,
          "private": "bnVsbA=="
        }
      ]
    },
    {
      "mode": "managed",
      "type": "aws_iam_role",
      "name": "config_role",
      "provider": "provider[\"registry.terraform.io/hashicorp/aws\"]",
      "instances": [
        {
          "schema_version": 0,
          "attributes": {
            "arn": "arn:aws:iam::326864272150:role/terraform-governance-demo-config-role",
            "assume_role_policy": "{\"Statement\":[{\"Action\":\"sts:AssumeRole\",\"Effect\":\"Allow\",\"Principal\":{\"Service\":\"config.amazonaws.com\"}}],\"Version\":\"2012-10-17\"}",
            "create_date": "2025-12-19T05:19:10Z",
            "description": "",
            "force_detach_policies": false,
            "id": "terraform-governance-demo-config-role",
            "inline_policy": [
              {
                "name": "terraform-governance-demo-config-s3-policy",
                "policy": "{\"Version\":\"2012-10-17\",\"Statement\":[{\"Action\":[\"s3:GetBucketVersioning\",\"s3:PutObject\",\"s3:GetObject\"],\"Effect\":\"Allow\",\"Resource\":[\"arn:aws:s3:::terraform-governance-demo-config-bucket-whjzms\",\"arn:aws:s3:::terraform-governance-demo-config-bucket-whjzms/*\"]}]}"
              }
            ],
            "managed_policy_arns": [
              "arn:aws:iam::aws:policy/service-role/AWS_ConfigRole"
            ],
            "max_session_duration": 3600,
            "name": "terraform-governance-demo-config-role",
            "name_prefix": "",
            "path": "/",
            "permissions_boundary": "",
            "tags": {},
            "tags_all": {},
            "unique_id": "AROAUYGVA7MLORI77KXBL"
          },
          "sensitive_attributes": [],
          "identity_schema_version": 0,
          "private": "bnVsbA=="
        }
      ]
    },
    {
      "mode": "managed",
      "type": "aws_iam_role_policy",
      "name": "config_s3_policy",
      "provider": "provider[\"registry.terraform.io/hashicorp/aws\"]",
      "instances": [
        {
          "schema_version": 0,
          "attributes": {
            "id": "terraform-governance-demo-config-role:terraform-governance-demo-config-s3-policy",
            "name": "terraform-governance-demo-config-s3-policy",
            "name_prefix": "",
            "policy": "{\"Version\":\"2012-10-17\",\"Statement\":[{\"Action\":[\"s3:GetBucketVersioning\",\"s3:PutObject\",\"s3:GetObject\"],\"Effect\":\"Allow\",\"Resource\":[\"arn:aws:s3:::terraform-governance-demo-config-bucket-whjzms\",\"arn:aws:s3:::terraform-governance-demo-config-bucket-whjzms/*\"]}]}",
            "role": "terraform-governance-demo-config-role"
          },
          "sensitive_attributes": [],
          "identity_schema_version": 0,
          "private": "bnVsbA==",
          "dependencies": [
            "aws_iam_role.config_role",
            "aws_s3_bucket.config_bucket",
            "random_string.suffix"
          ]
        }
      ]
    },
    {
      "mode": "managed",
      "type": "aws_iam_role_policy_attachment",
      "name": "config_policy_attach",
      "provider": "provider[\"registry.terraform.io/hashicorp/aws\"]",
      "instances": [
        {
          "schema_version": 0,
          "attributes": {
            "id": "terraform-governance-demo-config-role-20251219051911704200000002",
            "policy_arn": "arn:aws:iam::aws:policy/service-role/AWS_ConfigRole",
            "role": "terraform-governance-demo-config-role"
          },
          "sensitive_attributes": [],
          "identity_schema_version": 0,
          "private": "bnVsbA==",
          "dependencies": [
            "aws_iam_role.config_role"
          ]
        }
      ]
    },
    {
      "mode": "managed",
      "type": "aws_iam_user",
      "name": "demo_user",
      "provider": "provider[\"registry.terraform.io/hashicorp/aws\"]",
      "instances": [
        {
          "schema_version": 0,
          "attributes": {
            "arn": "arn:aws:iam::326864272150:user/governance/terraform-governance-demo-demo-user",
            "force_destroy": false,
            "id": "terraform-governance-demo-demo-user",
            "name": "terraform-governance-demo-demo-user",
            "path": "/governance/",
            "permissions_boundary": "",
            "tags": {
              "Environment": "demo",
              "Purpose": "governance-training"
            },
            "tags_all": {
              "Environment": "demo",
              "Purpose": "governance-training"
            },
            "unique_id": "AIDAUYGVA7MLMYPETYZIF"
          },
          "sensitive_attributes": [],
          "identity_schema_version": 0,
          "private": "bnVsbA=="
        }
      ]
    },
    {
      "mode": "managed",
      "type": "aws_iam_user_policy",
      "name": "config_inline_policy",
      "provider": "provider[\"registry.terraform.io/hashicorp/aws\"]",
      "instances": [
        {
          "schema_version": 0,
          "attributes": {
            "id": "terraform-learner:terraform-config-policy",
            "name": "terraform-config-policy",
            "name_prefix": "",
            "policy": "{\"Version\":\"2012-10-17\",\"Statement\":[{\"Action\":[\"config:*\"],\"Effect\":\"Allow\",\"Resource\":\"*\"}]}",
            "user": "terraform-learner"
          },
          "sensitive_attributes": [],
          "identity_schema_version": 0,
          "private": "bnVsbA=="
        }
      ]
    },
    {
      "mode": "managed",
      "type": "aws_iam_user_policy_attachment",
      "name": "demo_user_mfa",
      "provider": "provider[\"registry.terraform.io/hashicorp/aws\"]",
      "instances": [
        {
          "schema_version": 0,
          "attributes": {
            "id": "terraform-governance-demo-demo-user-20251219051911479500000001",
            "policy_arn": "arn:aws:iam::326864272150:policy/terraform-governance-demo-mfa-delete-policy",
            "user": "terraform-governance-demo-demo-user"
          },
          "sensitive_attributes": [],
          "identity_schema_version": 0,
          "private": "bnVsbA==",
          "dependencies": [
            "aws_iam_policy.mfa_delete_policy",
            "aws_iam_user.demo_user"
          ]
        }
      ]
    },
    {
      "mode": "managed",
      "type": "aws_s3_bucket",
      "name": "config_bucket",
      "provider": "provider[\"registry.terraform.io/hashicorp/aws\"]",
      "instances": [
        {
          "schema_version": 0,
          "attributes": {
            "acceleration_status": "",
            "acl": null,
            "arn": "arn:aws:s3:::terraform-governance-demo-config-bucket-whjzms",
            "bucket": "terraform-governance-demo-config-bucket-whjzms",
            "bucket_domain_name": "terraform-governance-demo-config-bucket-whjzms.s3.amazonaws.com",
            "bucket_prefix": "",
            "bucket_regional_domain_name": "terraform-governance-demo-config-bucket-whjzms.s3.us-east-1.amazonaws.com",
            "cors_rule": [],
            "force_destroy": true,
            "grant": [
              {
                "id": "793b675d417d7f9609545d1fbe65f58f690073bfa132af7c3ca287f3861aaeb0",
                "permissions": [
                  "FULL_CONTROL"
                ],
                "type": "CanonicalUser",
                "uri": ""
              }
            ],
            "hosted_zone_id": "Z3AQBSTGFYJSTF",
            "id": "terraform-governance-demo-config-bucket-whjzms",
            "lifecycle_rule": [],
            "logging": [],
            "object_lock_configuration": [],
            "object_lock_enabled": false,
            "policy": "{\"Statement\":[{\"Action\":\"s3:GetBucketAcl\",\"Effect\":\"Allow\",\"Principal\":{\"Service\":\"config.amazonaws.com\"},\"Resource\":\"arn:aws:s3:::terraform-governance-demo-config-bucket-whjzms\",\"Sid\":\"AWSConfigBucketPermissionsCheck\"},{\"Action\":\"s3:ListBucket\",\"Effect\":\"Allow\",\"Principal\":{\"Service\":\"config.amazonaws.com\"},\"Resource\":\"arn:aws:s3:::terraform-governance-demo-config-bucket-whjzms\",\"Sid\":\"AWSConfigBucketExistenceCheck\"},{\"Action\":\"s3:PutObject\",\"Condition\":{\"StringEquals\":{\"s3:x-amz-acl\":\"bucket-owner-full-control\"}},\"Effect\":\"Allow\",\"Principal\":{\"Service\":\"config.amazonaws.com\"},\"Resource\":\"arn:aws:s3:::terraform-governance-demo-config-bucket-whjzms/*\",\"Sid\":\"AWSConfigBucketPutObject\"},{\"Action\":\"s3:*\",\"Condition\":{\"Bool\":{\"aws:SecureTransport\":\"false\"}},\"Effect\":\"Deny\",\"Principal\":\"*\",\"Resource\":[\"arn:aws:s3:::terraform-governance-demo-config-bucket-whjzms\",\"arn:aws:s3:::terraform-governance-demo-config-bucket-whjzms/*\"],\"Sid\":\"DenyInsecureTransport\"}],\"Version\":\"2012-10-17\"}",
            "region": "us-east-1",
            "replication_configuration": [],
            "request_payer": "BucketOwner",
            "server_side_encryption_configuration": [
              {
                "rule": [
                  {
                    "apply_server_side_encryption_by_default": [
                      {
                        "kms_master_key_id": "",
                        "sse_algorithm": "AES256"
                      }
                    ],
                    "bucket_key_enabled": false
                  }
                ]
              }
            ],
            "tags": {
              "Environment": "governance",
              "ManagedBy": "terraform",
              "Name": "terraform-governance-demo-config-bucket",
              "Purpose": "aws-config-storage"
            },
            "tags_all": {
              "Environment": "governance",
              "ManagedBy": "terraform",
              "Name": "terraform-governance-demo-config-bucket",
              "Purpose": "aws-config-storage"
            },
            "timeouts": null,
            "versioning": [
              {
                "enabled": true,
                "mfa_delete": false
              }
            ],
            "website": [],
            "website_domain": null,
            "website_endpoint": null
          },
          "sensitive_attributes": [],
          "identity_schema_version": 0,
          "private": "eyJlMmJmYjczMC1lY2FhLTExZTYtOGY4OC0zNDM2M2JjN2M0YzAiOnsiY3JlYXRlIjoxMjAwMDAwMDAwMDAwLCJkZWxldGUiOjM2MDAwMDAwMDAwMDAsInJlYWQiOjEyMDAwMDAwMDAwMDAsInVwZGF0ZSI6MTIwMDAwMDAwMDAwMH19",
          "dependencies": [
            "random_string.suffix"
          ]
        }
      ]
    },
    {
      "mode": "managed",
      "type": "aws_s3_bucket_policy",
      "name": "config_bucket_policy",
      "provider": "provider[\"registry.terraform.io/hashicorp/aws\"]",
      "instances": [
        {
          "schema_version": 0,
          "attributes": {
            "bucket": "terraform-governance-demo-config-bucket-whjzms",
            "id": "terraform-governance-demo-config-bucket-whjzms",
            "policy": "{\"Statement\":[{\"Action\":\"s3:GetBucketAcl\",\"Effect\":\"Allow\",\"Principal\":{\"Service\":\"config.amazonaws.com\"},\"Resource\":\"arn:aws:s3:::terraform-governance-demo-config-bucket-whjzms\",\"Sid\":\"AWSConfigBucketPermissionsCheck\"},{\"Action\":\"s3:ListBucket\",\"Effect\":\"Allow\",\"Principal\":{\"Service\":\"config.amazonaws.com\"},\"Resource\":\"arn:aws:s3:::terraform-governance-demo-config-bucket-whjzms\",\"Sid\":\"AWSConfigBucketExistenceCheck\"},{\"Action\":\"s3:PutObject\",\"Condition\":{\"StringEquals\":{\"s3:x-amz-acl\":\"bucket-owner-full-control\"}},\"Effect\":\"Allow\",\"Principal\":{\"Service\":\"config.amazonaws.com\"},\"Resource\":\"arn:aws:s3:::terraform-governance-demo-config-bucket-whjzms/*\",\"Sid\":\"AWSConfigBucketPutObject\"},{\"Action\":\"s3:*\",\"Condition\":{\"Bool\":{\"aws:SecureTransport\":\"false\"}},\"Effect\":\"Deny\",\"Principal\":\"*\",\"Resource\":[\"arn:aws:s3:::terraform-governance-demo-config-bucket-whjzms\",\"arn:aws:s3:::terraform-governance-demo-config-bucket-whjzms/*\"],\"Sid\":\"DenyInsecureTransport\"}],\"Version\":\"2012-10-17\"}"
          },
          "sensitive_attributes": [],
          "identity_schema_version": 0,
          "private": "bnVsbA==",
          "dependencies": [
            "aws_s3_bucket.config_bucket",
            "aws_s3_bucket_public_access_block.config_bucket_public_access",
            "random_string.suffix"
          ]
        }
      ]
    },
    {
      "mode": "managed",
      "type": "aws_s3_bucket_public_access_block",
      "name": "config_bucket_public_access",
      "provider": "provider[\"registry.terraform.io/hashicorp/aws\"]",
      "instances": [
        {
          "schema_version": 0,
          "attributes": {
            "block_public_acls": true,
            "block_public_policy": true,
            "bucket": "terraform-governance-demo-config-bucket-whjzms",
            "id": "terraform-governance-demo-config-bucket-whjzms",
            "ignore_public_acls": true,
            "restrict_public_buckets": true
          },
          "sensitive_attributes": [],
          "identity_schema_version": 0,
          "private": "bnVsbA==",
          "dependencies": [
            "aws_s3_bucket.config_bucket",
            "random_string.suffix"
          ]
        }
      ]
    },
    {
      "mode": "managed",
      "type": "aws_s3_bucket_server_side_encryption_configuration",
      "name": "config_bucket_encryption",
      "provider": "provider[\"registry.terraform.io/hashicorp/aws\"]",
      "instances": [
        {
          "schema_version": 0,
          "attributes": {
            "bucket": "terraform-governance-demo-config-bucket-whjzms",
            "expected_bucket_owner": "",
            "id": "terraform-governance-demo-config-bucket-whjzms",
            "rule": [
              {
                "apply_server_side_encryption_by_default": [
                  {
                    "kms_master_key_id": "",
                    "sse_algorithm": "AES256"
                  }
                ],
                "bucket_key_enabled": false
              }
            ]
          },
          "sensitive_attributes": [],
          "identity_schema_version": 0,
          "private": "bnVsbA==",
          "dependencies": [
            "aws_s3_bucket.config_bucket",
            "random_string.suffix"
          ]
        }
      ]
    },
    {
      "mode": "managed",
      "type": "aws_s3_bucket_versioning",
      "name": "config_bucket_versioning",
      "provider": "provider[\"registry.terraform.io/hashicorp/aws\"]",
      "instances": [
        {
          "schema_version": 0,
          "attributes": {
            "bucket": "terraform-governance-demo-config-bucket-whjzms",
            "expected_bucket_owner": "",
            "id": "terraform-governance-demo-config-bucket-whjzms",
            "mfa": null,
            "versioning_configuration": [
              {
                "mfa_delete": "",
                "status": "Enabled"
              }
            ]
          },
          "sensitive_attributes": [],
          "identity_schema_version": 0,
          "private": "bnVsbA==",
          "dependencies": [
            "aws_s3_bucket.config_bucket",
            "random_string.suffix"
          ]
        }
      ]
    },
    {
      "mode": "managed",
      "type": "random_string",
      "name": "suffix",
      "provider": "provider[\"registry.terraform.io/hashicorp/random\"]",
      "instances": [
        {
          "schema_version": 2,
          "attributes": {
            "id": "whjzms",
            "keepers": null,
            "length": 6,
            "lower": true,
            "min_lower": 0,
            "min_numeric": 0,
            "min_special": 0,
            "min_upper": 0,
            "number": true,
            "numeric": true,
            "override_special": null,
            "result": "whjzms",
            "special": false,
            "upper": false
          },
          "sensitive_attributes": [],
          "identity_schema_version": 0
        }
      ]
    }
  ],
  "check_results": null
}
